
Microsoft Visual Studio Solution File, Format Version 12.00
# Visual Studio Version 16
VisualStudioVersion = 16.0.30711.63
MinimumVisualStudioVersion = 10.0.40219.1
Project("{FAE04EC0-301F-11D3-BF4B-00C04F79EFBC}") = "GroceryTracker", "GroceryTracker.csproj", "{6860AF7D-DB91-464F-97A9-995F63016C1C}"
EndProject
Global
	GlobalSection(SolutionConfigurationPlatforms) = preSolution
		Debug|Any CPU = Debug|Any CPU
		Release|Any CPU = Release|Any CPU
	EndGlobalSection
	GlobalSection(ProjectConfigurationPlatforms) = postSolution
		{6860AF7D-DB91-464F-97A9-995F63016C1C}.Debug|Any CPU.ActiveCfg = Debug|Any CPU
		{6860AF7D-DB91-464F-97A9-995F63016C1C}.Debug|Any CPU.Build.0 = Debug|Any CPU
		{6860AF7D-DB91-464F-97A9-995F63016C1C}.Release|Any CPU.ActiveCfg = Release|Any CPU
		{6860AF7D-DB91-464F-97A9-995F63016C1C}.Release|Any CPU.Build.0 = Release|Any CPU
	EndGlobalSection
	GlobalSection(SolutionProperties) = preSolution
		HideSolutionNode = FALSE
	EndGlobalSection
	GlobalSection(ExtensibilityGlobals) = postSolution
		SolutionGuid = {E5B6538D-9A2F-4487-9FD7-51B4486CAABC}
	EndGlobalSection
EndGlobal
